
Microsoft Visual Studio Solution File, Format Version 12.00
# Visual Studio 15
VisualStudioVersion = 15.0.26730.12
MinimumVisualStudioVersion = 10.0.40219.1
Project("{FAE04EC0-301F-11D3-BF4B-00C04F79EFBC}") = "CodingChallenge", "CodingChallenge\CodingChallenge.csproj", "{D9D7F177-8A85-40EC-9DDD-04D2A180B3F5}"
EndProject
Project("{FAE04EC0-301F-11D3-BF4B-00C04F79EFBC}") = "CodingChallengeTest", "CodingChallengeTest\CodingChallengeTest.csproj", "{7F58B0B3-DB98-43EB-9C90-42647F4261AE}"
EndProject
Project("{FAE04EC0-301F-11D3-BF4B-00C04F79EFBC}") = "Laboratory.Domain", "Container\Laboratory.Domain.csproj", "{44CFF38F-E260-403B-8420-D36DF3B4A891}"
EndProject
Global
	GlobalSection(SolutionConfigurationPlatforms) = preSolution
		Debug|Any CPU = Debug|Any CPU
		Release|Any CPU = Release|Any CPU
	EndGlobalSection
	GlobalSection(ProjectConfigurationPlatforms) = postSolution
		{D9D7F177-8A85-40EC-9DDD-04D2A180B3F5}.Debug|Any CPU.ActiveCfg = Debug|Any CPU
		{D9D7F177-8A85-40EC-9DDD-04D2A180B3F5}.Debug|Any CPU.Build.0 = Debug|Any CPU
		{D9D7F177-8A85-40EC-9DDD-04D2A180B3F5}.Release|Any CPU.ActiveCfg = Release|Any CPU
		{D9D7F177-8A85-40EC-9DDD-04D2A180B3F5}.Release|Any CPU.Build.0 = Release|Any CPU
		{7F58B0B3-DB98-43EB-9C90-42647F4261AE}.Debug|Any CPU.ActiveCfg = Debug|Any CPU
		{7F58B0B3-DB98-43EB-9C90-42647F4261AE}.Debug|Any CPU.Build.0 = Debug|Any CPU
		{7F58B0B3-DB98-43EB-9C90-42647F4261AE}.Release|Any CPU.ActiveCfg = Release|Any CPU
		{7F58B0B3-DB98-43EB-9C90-42647F4261AE}.Release|Any CPU.Build.0 = Release|Any CPU
		{44CFF38F-E260-403B-8420-D36DF3B4A891}.Debug|Any CPU.ActiveCfg = Debug|Any CPU
		{44CFF38F-E260-403B-8420-D36DF3B4A891}.Debug|Any CPU.Build.0 = Debug|Any CPU
		{44CFF38F-E260-403B-8420-D36DF3B4A891}.Release|Any CPU.ActiveCfg = Release|Any CPU
		{44CFF38F-E260-403B-8420-D36DF3B4A891}.Release|Any CPU.Build.0 = Release|Any CPU
	EndGlobalSection
	GlobalSection(SolutionProperties) = preSolution
		HideSolutionNode = FALSE
	EndGlobalSection
	GlobalSection(ExtensibilityGlobals) = postSolution
		SolutionGuid = {AE227D18-2AD8-4B72-BE6B-03BD47FFD4C3}
	EndGlobalSection
EndGlobal
